# This file is automatically @generated by Cargo.
# It is not intended for manual editing.
version = 3

[[package]]
name = "connect-four-ai"
version = "0.1.0"

[[package]]
name = "connect-four-ai-cli"
version = "0.1.0"
dependencies = [
 "connect-four-ai",
]

[[package]]
name = "connect-four-ai-python"
version = "0.1.0"

[[package]]
name = "connect-four-ai-wasm"
version = "0.1.0"
